
Microsoft Visual Studio Solution File, Format Version 12.00
# Visual Studio 15
VisualStudioVersion = 15.0.28307.168
MinimumVisualStudioVersion = 10.0.40219.1
Project("{FAE04EC0-301F-11D3-BF4B-00C04F79EFBC}") = "TokenAuthentication", "TokenAuthentication\TokenAuthentication.csproj", "{B697EC1A-9B8D-43CB-942F-41496BFD51D7}"
EndProject
Global
	GlobalSection(SolutionConfigurationPlatforms) = preSolution
		Debug|Any CPU = Debug|Any CPU
		Release|Any CPU = Release|Any CPU
	EndGlobalSection
	GlobalSection(ProjectConfigurationPlatforms) = postSolution
		{B697EC1A-9B8D-43CB-942F-41496BFD51D7}.Debug|Any CPU.ActiveCfg = Debug|Any CPU
		{B697EC1A-9B8D-43CB-942F-41496BFD51D7}.Debug|Any CPU.Build.0 = Debug|Any CPU
		{B697EC1A-9B8D-43CB-942F-41496BFD51D7}.Release|Any CPU.ActiveCfg = Release|Any CPU
		{B697EC1A-9B8D-43CB-942F-41496BFD51D7}.Release|Any CPU.Build.0 = Release|Any CPU
	EndGlobalSection
	GlobalSection(SolutionProperties) = preSolution
		HideSolutionNode = FALSE
	EndGlobalSection
	GlobalSection(ExtensibilityGlobals) = postSolution
		SolutionGuid = {548D5C7C-A297-4139-81FB-9C24B207FA7D}
	EndGlobalSection
EndGlobal
